{
  "projects": [
    {
      "projectId": "5h3QhDqWM84XV2vDpdccG7",
      "version": "latest",
      "dependencies": {},
      "lang": "js",
      "fileLocks": [
        {
          "type": "globalVariant",
          "assetId": "2eTQcMAn6M12",
          "checksum": "4bcd5cef0329135dc00d16171db46294"
        },
        {
          "assetId": "5h3QhDqWM84XV2vDpdccG7",
          "type": "projectCss",
          "checksum": "b030bd4792cb109a44da539ba326090d"
        },
        {
          "type": "renderModule",
          "assetId": "1i4q2lgA0QR",
          "checksum": "7b2a8f0564cc2f11929afb8a9ad7b234"
        },
        {
          "type": "cssRules",
          "assetId": "1i4q2lgA0QR",
          "checksum": "7b2a8f0564cc2f11929afb8a9ad7b234"
        },
        {
          "type": "renderModule",
          "assetId": "lwJE8KUYjX",
          "checksum": "efc44b9491293ec9b54ae1f79f092b2e"
        },
        {
          "type": "cssRules",
          "assetId": "lwJE8KUYjX",
          "checksum": "efc44b9491293ec9b54ae1f79f092b2e"
        },
        {
          "type": "renderModule",
          "assetId": "fJw77-BYn8",
          "checksum": "f2347f93a1818a8fbdc70d6466a862d6"
        },
        {
          "type": "cssRules",
          "assetId": "fJw77-BYn8",
          "checksum": "f2347f93a1818a8fbdc70d6466a862d6"
        },
        {
          "type": "renderModule",
          "assetId": "LGoVsWxNzu",
          "checksum": "133db5af058047a55007f9cef809bcf3"
        },
        {
          "type": "cssRules",
          "assetId": "LGoVsWxNzu",
          "checksum": "133db5af058047a55007f9cef809bcf3"
        },
        {
          "type": "renderModule",
          "assetId": "0wT_IJB5E3",
          "checksum": "b7921211a29f09d41193181f459e3db3"
        },
        {
          "type": "cssRules",
          "assetId": "0wT_IJB5E3",
          "checksum": "b7921211a29f09d41193181f459e3db3"
        },
        {
          "type": "renderModule",
          "assetId": "8Kj1RcSD3K",
          "checksum": "f05e06df66b985b9f710cdc00be92ad5"
        },
        {
          "type": "cssRules",
          "assetId": "8Kj1RcSD3K",
          "checksum": "f05e06df66b985b9f710cdc00be92ad5"
        },
        {
          "type": "renderModule",
          "assetId": "-Xc5HLKeCM",
          "checksum": "1a70cb0acf5d27c1b8c6dd740e747af5"
        },
        {
          "type": "cssRules",
          "assetId": "-Xc5HLKeCM",
          "checksum": "1a70cb0acf5d27c1b8c6dd740e747af5"
        },
        {
          "type": "renderModule",
          "assetId": "2dYzKl3MFK",
          "checksum": "1769f52b7024429a0c9408b99ceb7847"
        },
        {
          "type": "cssRules",
          "assetId": "2dYzKl3MFK",
          "checksum": "1769f52b7024429a0c9408b99ceb7847"
        },
        {
          "type": "icon",
          "assetId": "mM3LZX6jH7O",
          "checksum": "876e7bce96b8f551a4de362280b5a0a7"
        },
        {
          "type": "icon",
          "assetId": "bei6iQA9x",
          "checksum": "9cf9fab0865ea39c6b371f2aac5ffa9b"
        },
        {
          "type": "icon",
          "assetId": "wuOWdVB5nF",
          "checksum": "7026c8ec85552401df93f97126181bdb"
        },
        {
          "type": "icon",
          "assetId": "zN6bxaYHju",
          "checksum": "ad7557d3367036dd4c32581e1561e01c"
        },
        {
          "type": "icon",
          "assetId": "GDn1fNQ59Z",
          "checksum": "bafe19608a13753b4754586c1173b2df"
        },
        {
          "type": "image",
          "assetId": "7XAPdKn_5",
          "checksum": "12fe6e505259152ee5d8526c09bedf0c"
        },
        {
          "type": "image",
          "assetId": "g3O3SSjHBK",
          "checksum": "c8b4fe03fc3ac7c0ec5fcc4141e1664d"
        },
        {
          "type": "image",
          "assetId": "_s9RVGJjoP",
          "checksum": "74c5567d0d8f9049686463a2ddd7174d"
        },
        {
          "type": "image",
          "assetId": "dlAxv6yhNE",
          "checksum": "3ae2469ef8ac6ec45c839cdb3e48c52c"
        },
        {
          "type": "image",
          "assetId": "EVt54aU5l2",
          "checksum": "2e7d4604ad1d98b321ee508b7930d095"
        },
        {
          "type": "image",
          "assetId": "5WOs6WxTDa",
          "checksum": "7e25a825bdffb90dd4be936ad623120b"
        },
        {
          "type": "image",
          "assetId": "G_fhX9ZVez",
          "checksum": "d24d73f0c4322978642a6f1e4c464d99"
        },
        {
          "type": "image",
          "assetId": "TZOk-wYxAk",
          "checksum": "dfa4e558e7d8b0a2526dc577e99c2422"
        },
        {
          "type": "image",
          "assetId": "EZA0LnUYwq",
          "checksum": "03c9446ffedc7e39c1d834e96f78b1c4"
        },
        {
          "type": "image",
          "assetId": "4rV7HeYv5z",
          "checksum": "51d27fb398443809af1559f431b49658"
        },
        {
          "type": "image",
          "assetId": "2MGmUVjaWi",
          "checksum": "bdff4979f39e633424e46d6dc54068ea"
        },
        {
          "type": "image",
          "assetId": "jg4DewWu13",
          "checksum": "4110eec424cab2192c63ce396ddd26fd"
        },
        {
          "type": "image",
          "assetId": "G8WGh6-bj5",
          "checksum": "54bd59bca52a607d64e2f0bd5adc8251"
        },
        {
          "type": "image",
          "assetId": "cVmz5PgQxM",
          "checksum": "7946b7820240961ad37ab8fd7190b4a5"
        },
        {
          "type": "image",
          "assetId": "vPDt6wx1fU",
          "checksum": "8438bcb7eea02564b51d6adc3c2794b8"
        },
        {
          "type": "image",
          "assetId": "fua_02G0sD",
          "checksum": "2dab989e00e940e461a92465b607084b"
        },
        {
          "type": "image",
          "assetId": "Y_VQdkDkIhJ",
          "checksum": "276930f76fe73849dbd7c79db861bede"
        },
        {
          "type": "image",
          "assetId": "py8u-XcVcOL",
          "checksum": "e7045c8b5b06d42cd0a0a4a82b1a37f0"
        },
        {
          "type": "image",
          "assetId": "RB2b6j1R6k1",
          "checksum": "402ce2da107373957e6851278de237fb"
        },
        {
          "type": "image",
          "assetId": "9QqDcBTHpYW",
          "checksum": "6d5c4e17ce5175d4b3df23b20cf3ea75"
        },
        {
          "type": "image",
          "assetId": "NuuDeVYLHGm",
          "checksum": "a6cd9880c8ac01a4e9fa73c7ba126300"
        },
        {
          "type": "image",
          "assetId": "o1t854K836N",
          "checksum": "8fa125f95a7d44a78dbbb6683093785d"
        },
        {
          "type": "image",
          "assetId": "mkY94CjyYvj",
          "checksum": "98686ff2b617c57d32ca1e9a0f976905"
        },
        {
          "type": "image",
          "assetId": "70JoITiM_Vl",
          "checksum": "cdd9e05a30cacbd57441fc838068d48d"
        },
        {
          "type": "image",
          "assetId": "ZUnZV5kOYEa",
          "checksum": "386be8a96bd6a44abbe1a8f4bba1bdb3"
        },
        {
          "type": "image",
          "assetId": "UgC5raO0Xrt",
          "checksum": "f293c9647ed698403d88e3fc309a094f"
        },
        {
          "type": "image",
          "assetId": "YU3w3k3mNj",
          "checksum": "fd1c48e7ab72faac804eafc9b0bf6f82"
        }
      ],
      "codegenVersion": "0.0.1"
    }
  ],
  "cliVersion": "0.1.189"
}
